
Microsoft Visual Studio Solution File, Format Version 12.00
# Visual Studio Version 16
VisualStudioVersion = 16.0.31624.102
MinimumVisualStudioVersion = 10.0.40219.1
Project("{FAE04EC0-301F-11D3-BF4B-00C04F79EFBC}") = "PruebaColaboracion", "PruebaColaboracion.csproj", "{9630EAAC-D8BC-45F5-8DFF-CA6624D5BC3B}"
EndProject
Global
	GlobalSection(SolutionConfigurationPlatforms) = preSolution
		Debug|Any CPU = Debug|Any CPU
		Release|Any CPU = Release|Any CPU
	EndGlobalSection
	GlobalSection(ProjectConfigurationPlatforms) = postSolution
		{9630EAAC-D8BC-45F5-8DFF-CA6624D5BC3B}.Debug|Any CPU.ActiveCfg = Debug|Any CPU
		{9630EAAC-D8BC-45F5-8DFF-CA6624D5BC3B}.Debug|Any CPU.Build.0 = Debug|Any CPU
		{9630EAAC-D8BC-45F5-8DFF-CA6624D5BC3B}.Release|Any CPU.ActiveCfg = Release|Any CPU
		{9630EAAC-D8BC-45F5-8DFF-CA6624D5BC3B}.Release|Any CPU.Build.0 = Release|Any CPU
	EndGlobalSection
	GlobalSection(SolutionProperties) = preSolution
		HideSolutionNode = FALSE
	EndGlobalSection
	GlobalSection(ExtensibilityGlobals) = postSolution
		SolutionGuid = {50202736-17E5-4FFE-83D8-AE67D1B14570}
	EndGlobalSection
EndGlobal
